
Microsoft Visual Studio Solution File, Format Version 12.00
# RemObjects Water
Project("{656346D9-4656-40DA-A068-22D5425D4639}") = "Delphi Parser (Shared)", "..\PascalParser\Source\PascalParse.Shared.elements", "{597FB294-A480-4BC1-9C5B-768828A1D2E5}"
EndProject
Project("{656346D9-4656-40DA-A068-22D5425D4639}") = "ProblemChecker (Shared)", "Source\ProblemChecker.Shared.elements", "{890D978F-D98E-406A-9829-218266347D0D}"
EndProject
Project("{656346D9-4656-40DA-A068-22D5425D4639}") = "Problemchecker.Net", "Source\Problemchecker.Net.elements", "{7D40B9FE-B3E1-4AF9-B480-A71AEEE5F130}"
EndProject
Project("{656346D9-4656-40DA-A068-22D5425D4639}") = "ProblemChecker.Tests", "Tests\ProblemChecker.Tests.elements", "{5EE76ED2-852A-45DC-A600-2191560ACA8A}"
EndProject
Project("{656346D9-4656-40DA-A068-22D5425D4639}") = "ProjectBuilder", "..\ProjectBuilder\ProjectBuilder.elements", "{2A77564C-0388-4728-9054-2014F92AF3A1}"
EndProject
Project("{656346D9-4656-40DA-A068-22D5425D4639}") = "TestBuilder", "..\ProjectBuilder\TestBuilder\TestBuilder.elements", "{3EB92B74-A0DA-4EC0-B48A-64BA7756BD0F}"
EndProject
Project("{656346D9-4656-40DA-A068-22D5425D4639}") = "TestSharedProject", "..\ProjectBuilder\TestBuilder\Tests\TestSharedProject.elements", "{CA54E111-843E-46DF-9957-AE0022AEB1B1}"
EndProject
Global
	GlobalSection(SolutionConfigurationPlatforms) = preSolution
		Debug|AnyCPU = Debug|AnyCPU
		Release|AnyCPU = Release|AnyCPU
	EndGlobalSection
	GlobalSection(ProjectConfigurationPlatforms) = postSolution
		{7D40B9FE-B3E1-4AF9-B480-A71AEEE5F130}.Debug|AnyCPU.ActiveCfg = Debug|AnyCPU
		{7D40B9FE-B3E1-4AF9-B480-A71AEEE5F130}.Debug|AnyCPU.Build.0 = Debug|AnyCPU
		{7D40B9FE-B3E1-4AF9-B480-A71AEEE5F130}.Release|AnyCPU.ActiveCfg = Release|AnyCPU
		{7D40B9FE-B3E1-4AF9-B480-A71AEEE5F130}.Release|AnyCPU.Build.0 = Release|AnyCPU
		{5EE76ED2-852A-45DC-A600-2191560ACA8A}.Debug|AnyCPU.ActiveCfg = Debug|AnyCPU
		{5EE76ED2-852A-45DC-A600-2191560ACA8A}.Debug|AnyCPU.Build.0 = Debug|AnyCPU
		{5EE76ED2-852A-45DC-A600-2191560ACA8A}.Release|AnyCPU.ActiveCfg = Release|AnyCPU
		{5EE76ED2-852A-45DC-A600-2191560ACA8A}.Release|AnyCPU.Build.0 = Release|AnyCPU
		{2A77564C-0388-4728-9054-2014F92AF3A1}.Debug|AnyCPU.ActiveCfg = Debug|AnyCPU
		{2A77564C-0388-4728-9054-2014F92AF3A1}.Debug|AnyCPU.Build.0 = Debug|AnyCPU
		{2A77564C-0388-4728-9054-2014F92AF3A1}.Release|AnyCPU.ActiveCfg = Release|AnyCPU
		{2A77564C-0388-4728-9054-2014F92AF3A1}.Release|AnyCPU.Build.0 = Release|AnyCPU
		{3EB92B74-A0DA-4EC0-B48A-64BA7756BD0F}.Debug|AnyCPU.ActiveCfg = Debug|AnyCPU
		{3EB92B74-A0DA-4EC0-B48A-64BA7756BD0F}.Debug|AnyCPU.Build.0 = Debug|AnyCPU
		{3EB92B74-A0DA-4EC0-B48A-64BA7756BD0F}.Release|AnyCPU.ActiveCfg = Release|AnyCPU
		{3EB92B74-A0DA-4EC0-B48A-64BA7756BD0F}.Release|AnyCPU.Build.0 = Release|AnyCPU
	EndGlobalSection
	GlobalSection(SolutionProperties) = preSolution
		HideSolutionNode = FALSE
	EndGlobalSection
EndGlobal