Microsoft Visual Studio Solution File, Format Version 12.00
# Visual Studio Version 16
VisualStudioVersion = 16.0.29215.179
MinimumVisualStudioVersion = 10.0.40219.1
Project("{656346D9-4656-40DA-A068-22D5425D4639}") = "BTL_Factory", "..\BTL_Factory\BTL_Factory.elements", "{C93CDD1B-BE0E-41D1-BD37-A2F56C6AC346}"
EndProject
Project("{656346D9-4656-40DA-A068-22D5425D4639}") = "Codegenerator (Shared)", "..\CodeGenerator\Codegenerator.Shared.elements", "{615FC69D-8D8A-4996-9D58-B042CD883951}"
EndProject
Project("{656346D9-4656-40DA-A068-22D5425D4639}") = "Codegenerator from Delphi (Shared)", "..\CodeGenfromDelphi\CodeGenDelphi.elements", "{C41BD60E-51BF-4806-8063-0F6F68F78A5A}"
EndProject
Project("{656346D9-4656-40DA-A068-22D5425D4639}") = "CodeTypes.Shared", "..\CodeTypes\CodeTypes.Shared.elements", "{FCF1E098-8036-47EE-8273-AAC1F2540DC8}"
EndProject
Project("{656346D9-4656-40DA-A068-22D5425D4639}") = "Delphi Parser (Shared)", "..\PascalParser\Source\PascalParse.Shared.elements", "{597FB294-A480-4BC1-9C5B-768828A1D2E5}"
EndProject
Project("{656346D9-4656-40DA-A068-22D5425D4639}") = "PlayGroundFritz", "PlayGroundFritz.elements", "{819FA3F5-F808-43DE-B59F-E009A1E26114}"
EndProject
Project("{656346D9-4656-40DA-A068-22D5425D4639}") = "ProjectBuilder", "..\ProjectBuilder\ProjectBuilder.elements", "{2A77564C-0388-4728-9054-2014F92AF3A1}"
EndProject
Project("{656346D9-4656-40DA-A068-22D5425D4639}") = "SimpleConvert", "..\SimpleConvert\SimpleConvert.elements", "{0A664665-40D9-4F38-AA3A-53A3E669D263}"
EndProject
Project("{656346D9-4656-40DA-A068-22D5425D4639}") = "TestCodegen", "TestCodegen\TestCodegen.elements", "{6B1D0EA9-E8B3-40C9-89A7-BC70A375C79E}"
EndProject
Project("{656346D9-4656-40DA-A068-22D5425D4639}") = "testElementsSyntax", "..\testElementsSyntax\testElementsSyntax.elements", "{288EC4CB-6922-4E1F-BD6C-6856F14D978E}"
EndProject
Project("{656346D9-4656-40DA-A068-22D5425D4639}") = "TestSingle", "TestCodegen\TestSingle.elements", "{063ADF6F-BBE2-41B5-83EA-5E91DB0CED5F}"
EndProject
Project("{656346D9-4656-40DA-A068-22D5425D4639}") = "DelphiChecker", "..\DelphiChecker\DelphiChecker.elements", "{A3666EE0-C132-474F-AE53-A38C39D8B8A4}"
EndProject
Global
	GlobalSection(SolutionConfigurationPlatforms) = preSolution
		Debug|AnyCPU = Debug|AnyCPU
		Release|AnyCPU = Release|AnyCPU
	EndGlobalSection
	GlobalSection(ProjectConfigurationPlatforms) = postSolution
		{C93CDD1B-BE0E-41D1-BD37-A2F56C6AC346}.Debug|AnyCPU.ActiveCfg = Debug
		{C93CDD1B-BE0E-41D1-BD37-A2F56C6AC346}.Debug|AnyCPU.Build.0 = Debug
		{C93CDD1B-BE0E-41D1-BD37-A2F56C6AC346}.Debug|AnyCPU.Deploy.0 = Debug
		{C93CDD1B-BE0E-41D1-BD37-A2F56C6AC346}.Release|AnyCPU.ActiveCfg = Release
		{C93CDD1B-BE0E-41D1-BD37-A2F56C6AC346}.Release|AnyCPU.Build.0 = Release
		{819FA3F5-F808-43DE-B59F-E009A1E26114}.Debug|AnyCPU.ActiveCfg = Debug
		{819FA3F5-F808-43DE-B59F-E009A1E26114}.Debug|AnyCPU.Build.0 = Debug
		{819FA3F5-F808-43DE-B59F-E009A1E26114}.Debug|AnyCPU.Deploy.0 = Debug
		{819FA3F5-F808-43DE-B59F-E009A1E26114}.Release|AnyCPU.ActiveCfg = Release
		{819FA3F5-F808-43DE-B59F-E009A1E26114}.Release|AnyCPU.Build.0 = Release
		{2A77564C-0388-4728-9054-2014F92AF3A1}.Debug|AnyCPU.ActiveCfg = Debug
		{2A77564C-0388-4728-9054-2014F92AF3A1}.Debug|AnyCPU.Build.0 = Debug
		{2A77564C-0388-4728-9054-2014F92AF3A1}.Debug|AnyCPU.Deploy.0 = Debug
		{2A77564C-0388-4728-9054-2014F92AF3A1}.Release|AnyCPU.ActiveCfg = Release
		{2A77564C-0388-4728-9054-2014F92AF3A1}.Release|AnyCPU.Build.0 = Release
		{0A664665-40D9-4F38-AA3A-53A3E669D263}.Debug|AnyCPU.ActiveCfg = Debug
		{0A664665-40D9-4F38-AA3A-53A3E669D263}.Debug|AnyCPU.Build.0 = Debug
		{0A664665-40D9-4F38-AA3A-53A3E669D263}.Debug|AnyCPU.Deploy.0 = Debug
		{0A664665-40D9-4F38-AA3A-53A3E669D263}.Release|AnyCPU.ActiveCfg = Release
		{0A664665-40D9-4F38-AA3A-53A3E669D263}.Release|AnyCPU.Build.0 = Release
		{6B1D0EA9-E8B3-40C9-89A7-BC70A375C79E}.Debug|AnyCPU.ActiveCfg = Debug
		{6B1D0EA9-E8B3-40C9-89A7-BC70A375C79E}.Debug|AnyCPU.Build.0 = Debug
		{6B1D0EA9-E8B3-40C9-89A7-BC70A375C79E}.Debug|AnyCPU.Deploy.0 = Debug
		{6B1D0EA9-E8B3-40C9-89A7-BC70A375C79E}.Release|AnyCPU.ActiveCfg = Release
		{6B1D0EA9-E8B3-40C9-89A7-BC70A375C79E}.Release|AnyCPU.Build.0 = Release
		{288EC4CB-6922-4E1F-BD6C-6856F14D978E}.Debug|AnyCPU.ActiveCfg = Debug
		{288EC4CB-6922-4E1F-BD6C-6856F14D978E}.Debug|AnyCPU.Build.0 = Debug
		{288EC4CB-6922-4E1F-BD6C-6856F14D978E}.Debug|AnyCPU.Deploy.0 = Debug
		{288EC4CB-6922-4E1F-BD6C-6856F14D978E}.Release|AnyCPU.ActiveCfg = Release
		{288EC4CB-6922-4E1F-BD6C-6856F14D978E}.Release|AnyCPU.Build.0 = Release
		{063ADF6F-BBE2-41B5-83EA-5E91DB0CED5F}.Debug|AnyCPU.ActiveCfg = Debug
		{063ADF6F-BBE2-41B5-83EA-5E91DB0CED5F}.Debug|AnyCPU.Build.0 = Debug
		{063ADF6F-BBE2-41B5-83EA-5E91DB0CED5F}.Debug|AnyCPU.Deploy.0 = Debug
		{063ADF6F-BBE2-41B5-83EA-5E91DB0CED5F}.Release|AnyCPU.ActiveCfg = Release
		{063ADF6F-BBE2-41B5-83EA-5E91DB0CED5F}.Release|AnyCPU.Build.0 = Release
		{A3666EE0-C132-474F-AE53-A38C39D8B8A4}.Debug|AnyCPU.ActiveCfg = Debug
		{A3666EE0-C132-474F-AE53-A38C39D8B8A4}.Debug|AnyCPU.Build.0 = Debug
		{A3666EE0-C132-474F-AE53-A38C39D8B8A4}.Debug|AnyCPU.Deploy.0 = Debug
		{A3666EE0-C132-474F-AE53-A38C39D8B8A4}.Release|AnyCPU.ActiveCfg = Release
		{A3666EE0-C132-474F-AE53-A38C39D8B8A4}.Release|AnyCPU.Build.0 = Release
	EndGlobalSection
	GlobalSection(SolutionProperties) = preSolution
		HideSolutionNode = FALSE
	EndGlobalSection
	GlobalSection(ExtensibilityGlobals) = postSolution
		SolutionGuid = {AA7FD6DA-D42C-4ED4-A05D-E13935DCCB49}
	EndGlobalSection
EndGlobal
